
Microsoft Visual Studio Solution File, Format Version 12.00
# Visual Studio Version 17
VisualStudioVersion = 17.14.36518.9 d17.14
MinimumVisualStudioVersion = 10.0.40219.1
Project("{FAE04EC0-301F-11D3-BF4B-00C04F79EFBC}") = "MyFirstLethalCompanyMod", "MyFirstLethalCompanyMod\MyFirstLethalCompanyMod.csproj", "{AF8AF7B6-86A4-4C9C-A7DA-2D6E1A55BA70}"
EndProject
Global
	GlobalSection(SolutionConfigurationPlatforms) = preSolution
		Debug|Any CPU = Debug|Any CPU
		Release|Any CPU = Release|Any CPU
	EndGlobalSection
	GlobalSection(ProjectConfigurationPlatforms) = postSolution
		{AF8AF7B6-86A4-4C9C-A7DA-2D6E1A55BA70}.Debug|Any CPU.ActiveCfg = Debug|Any CPU
		{AF8AF7B6-86A4-4C9C-A7DA-2D6E1A55BA70}.Debug|Any CPU.Build.0 = Debug|Any CPU
		{AF8AF7B6-86A4-4C9C-A7DA-2D6E1A55BA70}.Release|Any CPU.ActiveCfg = Release|Any CPU
		{AF8AF7B6-86A4-4C9C-A7DA-2D6E1A55BA70}.Release|Any CPU.Build.0 = Release|Any CPU
	EndGlobalSection
	GlobalSection(SolutionProperties) = preSolution
		HideSolutionNode = FALSE
	EndGlobalSection
	GlobalSection(ExtensibilityGlobals) = postSolution
		SolutionGuid = {57EDDB7E-036D-4A2D-8F36-06F3932E4B61}
	EndGlobalSection
EndGlobal
